
Microsoft Visual Studio Solution File, Format Version 12.00
# Visual Studio Version 17
VisualStudioVersion = 17.0.31903.59
MinimumVisualStudioVersion = 10.0.40219.1
Project("{FAE04EC0-301F-11D3-BF4B-00C04F79EFBC}") = "read-cloud", "Api\read-cloud.csproj", "{C71126EA-5925-4F1A-A4BD-8421D2A177A0}"
EndProject
Project("{FAE04EC0-301F-11D3-BF4B-00C04F79EFBC}") = "Application", "Application\Application.csproj", "{4F0EA64B-C28E-4A06-9B04-A39DC619D87F}"
EndProject
Project("{FAE04EC0-301F-11D3-BF4B-00C04F79EFBC}") = "Domain", "Domain\Domain.csproj", "{4DFD80E6-036A-4177-A3AF-3589D19572B7}"
EndProject
Project("{FAE04EC0-301F-11D3-BF4B-00C04F79EFBC}") = "Infra", "Infra\Infra.csproj", "{E737761E-926D-4732-A396-688A6ECED452}"
EndProject
Global
	GlobalSection(SolutionConfigurationPlatforms) = preSolution
		Debug|Any CPU = Debug|Any CPU
		Release|Any CPU = Release|Any CPU
	EndGlobalSection
	GlobalSection(SolutionProperties) = preSolution
		HideSolutionNode = FALSE
	EndGlobalSection
	GlobalSection(ProjectConfigurationPlatforms) = postSolution
		{C71126EA-5925-4F1A-A4BD-8421D2A177A0}.Debug|Any CPU.ActiveCfg = Debug|Any CPU
		{C71126EA-5925-4F1A-A4BD-8421D2A177A0}.Debug|Any CPU.Build.0 = Debug|Any CPU
		{C71126EA-5925-4F1A-A4BD-8421D2A177A0}.Release|Any CPU.ActiveCfg = Release|Any CPU
		{C71126EA-5925-4F1A-A4BD-8421D2A177A0}.Release|Any CPU.Build.0 = Release|Any CPU
		{4F0EA64B-C28E-4A06-9B04-A39DC619D87F}.Debug|Any CPU.ActiveCfg = Debug|Any CPU
		{4F0EA64B-C28E-4A06-9B04-A39DC619D87F}.Debug|Any CPU.Build.0 = Debug|Any CPU
		{4F0EA64B-C28E-4A06-9B04-A39DC619D87F}.Release|Any CPU.ActiveCfg = Release|Any CPU
		{4F0EA64B-C28E-4A06-9B04-A39DC619D87F}.Release|Any CPU.Build.0 = Release|Any CPU
		{4DFD80E6-036A-4177-A3AF-3589D19572B7}.Debug|Any CPU.ActiveCfg = Debug|Any CPU
		{4DFD80E6-036A-4177-A3AF-3589D19572B7}.Debug|Any CPU.Build.0 = Debug|Any CPU
		{4DFD80E6-036A-4177-A3AF-3589D19572B7}.Release|Any CPU.ActiveCfg = Release|Any CPU
		{4DFD80E6-036A-4177-A3AF-3589D19572B7}.Release|Any CPU.Build.0 = Release|Any CPU
		{E737761E-926D-4732-A396-688A6ECED452}.Debug|Any CPU.ActiveCfg = Debug|Any CPU
		{E737761E-926D-4732-A396-688A6ECED452}.Debug|Any CPU.Build.0 = Debug|Any CPU
		{E737761E-926D-4732-A396-688A6ECED452}.Release|Any CPU.ActiveCfg = Release|Any CPU
		{E737761E-926D-4732-A396-688A6ECED452}.Release|Any CPU.Build.0 = Release|Any CPU
	EndGlobalSection
EndGlobal
